
Microsoft Visual Studio Solution File, Format Version 10.00
# Visual Studio 2008
Project("{FAE04EC0-301F-11D3-BF4B-00C04F79EFBC}") = "TwitterExample", "TwitterExample\TwitterExample.csproj", "{45CF612F-AB01-42A4-A302-E8CC3260D711}"
EndProject
Global
	GlobalSection(SolutionConfigurationPlatforms) = preSolution
		Debug|iPhoneSimulator = Debug|iPhoneSimulator
		Release|iPhoneSimulator = Release|iPhoneSimulator
		Debug|iPhone = Debug|iPhone
		Release|iPhone = Release|iPhone
	EndGlobalSection
	GlobalSection(ProjectConfigurationPlatforms) = postSolution
		{45CF612F-AB01-42A4-A302-E8CC3260D711}.Debug|iPhone.ActiveCfg = Debug|iPhone
		{45CF612F-AB01-42A4-A302-E8CC3260D711}.Debug|iPhone.Build.0 = Debug|iPhone
		{45CF612F-AB01-42A4-A302-E8CC3260D711}.Debug|iPhoneSimulator.ActiveCfg = Debug|iPhoneSimulator
		{45CF612F-AB01-42A4-A302-E8CC3260D711}.Debug|iPhoneSimulator.Build.0 = Debug|iPhoneSimulator
		{45CF612F-AB01-42A4-A302-E8CC3260D711}.Release|iPhone.ActiveCfg = Release|iPhone
		{45CF612F-AB01-42A4-A302-E8CC3260D711}.Release|iPhone.Build.0 = Release|iPhone
		{45CF612F-AB01-42A4-A302-E8CC3260D711}.Release|iPhoneSimulator.ActiveCfg = Release|iPhoneSimulator
		{45CF612F-AB01-42A4-A302-E8CC3260D711}.Release|iPhoneSimulator.Build.0 = Release|iPhoneSimulator
	EndGlobalSection
	GlobalSection(MonoDevelopProperties) = preSolution
		StartupItem = TwitterExample\TwitterExample.csproj
	EndGlobalSection
EndGlobal
